// !$*UTF8*$!
{
	archiveVersion = 1;
	classes = {
	};
	objectVersion = 46;
	objects = {

/* Begin PBXBuildFile section */
		A6027F5B1E47C5FA00973710 /* AppDelegate.swift in Sources */ = {isa = PBXBuildFile; fileRef = A6027F5A1E47C5FA00973710 /* AppDelegate.swift */; };
		A6027F5D1E47C5FA00973710 /* ViewController.swift in Sources */ = {isa = PBXBuildFile; fileRef = A6027F5C1E47C5FA00973710 /* ViewController.swift */; };
		A6027F601E47C5FA00973710 /* Main.storyboard in Resources */ = {isa = PBXBuildFile; fileRef = A6027F5E1E47C5FA00973710 /* Main.storyboard */; };
		A6027F651E47C5FA00973710 /* LaunchScreen.storyboard in Resources */ = {isa = PBXBuildFile; fileRef = A6027F631E47C5FA00973710 /* LaunchScreen.storyboard */; };
		A6027F701E47C5FA00973710 /* Bip_the_GuyTests.swift in Sources */ = {isa = PBXBuildFile; fileRef = A6027F6F1E47C5FA00973710 /* Bip_the_GuyTests.swift */; };
		A6027F7B1E4844D400973710 /* Assets.xcassets in Resources */ = {isa = PBXBuildFile; fileRef = A6027F7A1E4844D400973710 /* Assets.xcassets */; };
/* End PBXBuildFile section */

/* Begin PBXContainerItemProxy section */
		A6027F6C1E47C5FA00973710 /* PBXContainerItemProxy */ = {
			isa = PBXContainerItemProxy;
			containerPortal = A6027F4F1E47C5FA00973710 /* Project object */;
			proxyType = 1;
			remoteGlobalIDString = A6027F561E47C5FA00973710;
			remoteInfo = "Bip the Guy";
		};
/* End PBXContainerItemProxy section */

/* Begin PBXFileReference section */
		A6027F571E47C5FA00973710 /* Bip the Guy.app */ = {isa = PBXFileReference; explicitFileType = wrapper.application; includeInIndex = 0; path = "Bip the Guy.app"; sourceTree = BUILT_PRODUCTS_DIR; };
		A6027F5A1E47C5FA00973710 /* AppDelegate.swift */ = {isa = PBXFileReference; lastKnownFileType = sourcecode.swift; path = AppDelegate.swift; sourceTree = "<group>"; };
		A6027F5C1E47C5FA00973710 /* ViewController.swift */ = {isa = PBXFileReference; lastKnownFileType = sourcecode.swift; path = ViewController.swift; sourceTree = "<group>"; };
		A6027F5F1E47C5FA00973710 /* Base */ = {isa = PBXFileReference; lastKnownFileType = file.storyboard; name = Base; path = Base.lproj/Main.storyboard; sourceTree = "<group>"; };
		A6027F641E47C5FA00973710 /* Base */ = {isa = PBXFileReference; lastKnownFileType = file.storyboard; name = Base; path = Base.lproj/LaunchScreen.storyboard; sourceTree = "<group>"; };
		A6027F661E47C5FA00973710 /* Info.plist */ = {isa = PBXFileReference; lastKnownFileType = text.plist.xml; path = Info.plist; sourceTree = "<group>"; };
		A6027F6B1E47C5FA00973710 /* Bip the GuyTests.xctest */ = {isa = PBXFileReference; explicitFileType = wrapper.cfbundle; includeInIndex = 0; path = "Bip the GuyTests.xctest"; sourceTree = BUILT_PRODUCTS_DIR; };
		A6027F6F1E47C5FA00973710 /* Bip_the_GuyTests.swift */ = {isa = PBXFileReference; lastKnownFileType = sourcecode.swift; path = Bip_the_GuyTests.swift; sourceTree = "<group>"; };
		A6027F711E47C5FA00973710 /* Info.plist */ = {isa = PBXFileReference; lastKnownFileType = text.plist.xml; path = Info.plist; sourceTree = "<group>"; };
		A6027F7A1E4844D400973710 /* Assets.xcassets */ = {isa = PBXFileReference; lastKnownFileType = folder.assetcatalog; path = Assets.xcassets; sourceTree = "<group>"; };
/* End PBXFileReference section */

/* Begin PBXFrameworksBuildPhase section */
		A6027F541E47C5FA00973710 /* Frameworks */ = {
			isa = PBXFrameworksBuildPhase;
			buildActionMask = 2147483647;
			files = (
			);
			runOnlyForDeploymentPostprocessing = 0;
		};
		A6027F681E47C5FA00973710 /* Frameworks */ = {
			isa = PBXFrameworksBuildPhase;
			buildActionMask = 2147483647;
			files = (
			);
			runOnlyForDeploymentPostprocessing = 0;
		};
/* End PBXFrameworksBuildPhase section */

/* Begin PBXGroup section */
		A6027F4E1E47C5FA00973710 = {
			isa = PBXGroup;
			children = (
				A6027F591E47C5FA00973710 /* Bip the Guy */,
				A6027F6E1E47C5FA00973710 /* Bip the GuyTests */,
				A6027F581E47C5FA00973710 /* Products */,
			);
			sourceTree = "<group>";
		};
		A6027F581E47C5FA00973710 /* Products */ = {
			isa = PBXGroup;
			children = (
				A6027F571E47C5FA00973710 /* Bip the Guy.app */,
				A6027F6B1E47C5FA00973710 /* Bip the GuyTests.xctest */,
			);
			name = Products;
			sourceTree = "<group>";
		};
		A6027F591E47C5FA00973710 /* Bip the Guy */ = {
			isa = PBXGroup;
			children = (
				A6027F5A1E47C5FA00973710 /* AppDelegate.swift */,
				A6027F5C1E47C5FA00973710 /* ViewController.swift */,
				A6027F5E1E47C5FA00973710 /* Main.storyboard */,
				A6027F631E47C5FA00973710 /* LaunchScreen.storyboard */,
				A6027F7A1E4844D400973710 /* Assets.xcassets */,
				A6027F661E47C5FA00973710 /* Info.plist */,
			);
			path = "Bip the Guy";
			sourceTree = "<group>";
		};
		A6027F6E1E47C5FA00973710 /* Bip the GuyTests */ = {
			isa = PBXGroup;
			children = (
				A6027F6F1E47C5FA00973710 /* Bip_the_GuyTests.swift */,
				A6027F711E47C5FA00973710 /* Info.plist */,
			);
			path = "Bip the GuyTests";
			sourceTree = "<group>";
		};
/* End PBXGroup section */

/* Begin PBXNativeTarget section */
		A6027F561E47C5FA00973710 /* Bip the Guy */ = {
			isa = PBXNativeTarget;
			buildConfigurationList = A6027F741E47C5FA00973710 /* Build configuration list for PBXNativeTarget "Bip the Guy" */;
			buildPhases = (
				A6027F531E47C5FA00973710 /* Sources */,
				A6027F541E47C5FA00973710 /* Frameworks */,
				A6027F551E47C5FA00973710 /* Resources */,
			);
			buildRules = (
			);
			dependencies = (
			);
			name = "Bip the Guy";
			productName = "Bip the Guy";
			productReference = A6027F571E47C5FA00973710 /* Bip the Guy.app */;
			productType = "com.apple.product-type.application";
		};
		A6027F6A1E47C5FA00973710 /* Bip the GuyTests */ = {
			isa = PBXNativeTarget;
			buildConfigurationList = A6027F771E47C5FA00973710 /* Build configuration list for PBXNativeTarget "Bip the GuyTests" */;
			buildPhases = (
				A6027F671E47C5FA00973710 /* Sources */,
				A6027F681E47C5FA00973710 /* Frameworks */,
				A6027F691E47C5FA00973710 /* Resources */,
			);
			buildRules = (
			);
			dependencies = (
				A6027F6D1E47C5FA00973710 /* PBXTargetDependency */,
			);
			name = "Bip the GuyTests";
			productName = "Bip the GuyTests";
			productReference = A6027F6B1E47C5FA00973710 /* Bip the GuyTests.xctest */;
			productType = "com.apple.product-type.bundle.unit-test";
		};
/* End PBXNativeTarget section */

/* Begin PBXProject section */
		A6027F4F1E47C5FA00973710 /* Project object */ = {
			isa = PBXProject;
			attributes = {
				LastSwiftUpdateCheck = 0820;
				LastUpgradeCheck = 0820;
				ORGANIZATIONNAME = "Taylor Hansen";
				TargetAttributes = {
					A6027F561E47C5FA00973710 = {
						CreatedOnToolsVersion = 8.2.1;
						DevelopmentTeam = CA2F4YT6JD;
						ProvisioningStyle = Automatic;
					};
					A6027F6A1E47C5FA00973710 = {
						CreatedOnToolsVersion = 8.2.1;
						ProvisioningStyle = Automatic;
						TestTargetID = A6027F561E47C5FA00973710;
					};
				};
			};
			buildConfigurationList = A6027F521E47C5FA00973710 /* Build configuration list for PBXProject "Bip the Guy" */;
			compatibilityVersion = "Xcode 3.2";
			developmentRegion = English;
			hasScannedForEncodings = 0;
			knownRegions = (
				en,
				Base,
			);
			mainGroup = A6027F4E1E47C5FA00973710;
			productRefGroup = A6027F581E47C5FA00973710 /* Products */;
			projectDirPath = "";
			projectRoot = "";
			targets = (
				A6027F561E47C5FA00973710 /* Bip the Guy */,
				A6027F6A1E47C5FA00973710 /* Bip the GuyTests */,
			);
		};
/* End PBXProject section */

/* Begin PBXResourcesBuildPhase section */
		A6027F551E47C5FA00973710 /* Resources */ = {
			isa = PBXResourcesBuildPhase;
			buildActionMask = 2147483647;
			files = (
				A6027F651E47C5FA00973710 /* LaunchScreen.storyboard in Resources */,
				A6027F7B1E4844D400973710 /* Assets.xcassets in Resources */,
				A6027F601E47C5FA00973710 /* Main.storyboard in Resources */,
			);
			runOnlyForDeploymentPostprocessing = 0;
		};
		A6027F691E47C5FA00973710 /* Resources */ = {
			isa = PBXResourcesBuildPhase;
			buildActionMask = 2147483647;
			files = (
			);
			runOnlyForDeploymentPostprocessing = 0;
		};
/* End PBXResourcesBuildPhase section */

/* Begin PBXSourcesBuildPhase section */
		A6027F531E47C5FA00973710 /* Sources */ = {
			isa = PBXSourcesBuildPhase;
			buildActionMask = 2147483647;
			files = (
				A6027F5D1E47C5FA00973710 /* ViewController.swift in Sources */,
				A6027F5B1E47C5FA00973710 /* AppDelegate.swift in Sources */,
			);
			runOnlyForDeploymentPostprocessing = 0;
		};
		A6027F671E47C5FA00973710 /* Sources */ = {
			isa = PBXSourcesBuildPhase;
			buildActionMask = 2147483647;
			files = (
				A6027F701E47C5FA00973710 /* Bip_the_GuyTests.swift in Sources */,
			);
			runOnlyForDeploymentPostprocessing = 0;
		};
/* End PBXSourcesBuildPhase section */

/* Begin PBXTargetDependency section */
		A6027F6D1E47C5FA00973710 /* PBXTargetDependency */ = {
			isa = PBXTargetDependency;
			target = A6027F561E47C5FA00973710 /* Bip the Guy */;
			targetProxy = A6027F6C1E47C5FA00973710 /* PBXContainerItemProxy */;
		};
/* End PBXTargetDependency section */

/* Begin PBXVariantGroup section */
		A6027F5E1E47C5FA00973710 /* Main.storyboard */ = {
			isa = PBXVariantGroup;
			children = (
				A6027F5F1E47C5FA00973710 /* Base */,
			);
			name = Main.storyboard;
			sourceTree = "<group>";
		};
		A6027F631E47C5FA00973710 /* LaunchScreen.storyboard */ = {
			isa = PBXVariantGroup;
			children = (
				A6027F641E47C5FA00973710 /* Base */,
			);
			name = LaunchScreen.storyboard;
			sourceTree = "<group>";
		};
/* End PBXVariantGroup section */

/* Begin XCBuildConfiguration section */
		A6027F721E47C5FA00973710 /* Debug */ = {
			isa = XCBuildConfiguration;
			buildSettings = {
				ALWAYS_SEARCH_USER_PATHS = NO;
				CLANG_ANALYZER_NONNULL = YES;
				CLANG_CXX_LANGUAGE_STANDARD = "gnu++0x";
				CLANG_CXX_LIBRARY = "libc++";
				CLANG_ENABLE_MODULES = YES;
				CLANG_ENABLE_OBJC_ARC = YES;
				CLANG_WARN_BOOL_CONVERSION = YES;
				CLANG_WARN_CONSTANT_CONVERSION = YES;
				CLANG_WARN_DIRECT_OBJC_ISA_USAGE = YES_ERROR;
				CLANG_WARN_DOCUMENTATION_COMMENTS = YES;
				CLANG_WARN_EMPTY_BODY = YES;
				CLANG_WARN_ENUM_CONVERSION = YES;
				CLANG_WARN_INFINITE_RECURSION = YES;
				CLANG_WARN_INT_CONVERSION = YES;
				CLANG_WARN_OBJC_ROOT_CLASS = YES_ERROR;
				CLANG_WARN_SUSPICIOUS_MOVE = YES;
				CLANG_WARN_UNREACHABLE_CODE = YES;
				CLANG_WARN__DUPLICATE_METHOD_MATCH = YES;
				"CODE_SIGN_IDENTITY[sdk=iphoneos*]" = "iPhone Developer";
				COPY_PHASE_STRIP = NO;
				DEBUG_INFORMATION_FORMAT = dwarf;
				ENABLE_STRICT_OBJC_MSGSEND = YES;
				ENABLE_TESTABILITY = YES;
				GCC_C_LANGUAGE_STANDARD = gnu99;
				GCC_DYNAMIC_NO_PIC = NO;
				GCC_NO_COMMON_BLOCKS = YES;
				GCC_OPTIMIZATION_LEVEL = 0;
				GCC_PREPROCESSOR_DEFINITIONS = (
					"DEBUG=1",
					"$(inherited)",
				);
				GCC_WARN_64_TO_32_BIT_CONVERSION = YES;
				GCC_WARN_ABOUT_RETURN_TYPE = YES_ERROR;
				GCC_WARN_UNDECLARED_SELECTOR = YES;
				GCC_WARN_UNINITIALIZED_AUTOS = YES_AGGRESSIVE;
				GCC_WARN_UNUSED_FUNCTION = YES;
				GCC_WARN_UNUSED_VARIABLE = YES;
				IPHONEOS_DEPLOYMENT_TARGET = 10.2;
				MTL_ENABLE_DEBUG_INFO = YES;
				ONLY_ACTIVE_ARCH = YES;
				SDKROOT = iphoneos;
				SWIFT_ACTIVE_COMPILATION_CONDITIONS = DEBUG;
				SWIFT_OPTIMIZATION_LEVEL = "-Onone";
				TARGETED_DEVICE_FAMILY = "1,2";
			};
			name = Debug;
		};
		A6027F731E47C5FA00973710 /* Release */ = {
			isa = XCBuildConfiguration;
			buildSettings = {
				ALWAYS_SEARCH_USER_PATHS = NO;
				CLANG_ANALYZER_NONNULL = YES;
				CLANG_CXX_LANGUAGE_STANDARD = "gnu++0x";
				CLANG_CXX_LIBRARY = "libc++";
				CLANG_ENABLE_MODULES = YES;
				CLANG_ENABLE_OBJC_ARC = YES;
				CLANG_WARN_BOOL_CONVERSION = YES;
				CLANG_WARN_CONSTANT_CONVERSION = YES;
				CLANG_WARN_DIRECT_OBJC_ISA_USAGE = YES_ERROR;
				CLANG_WARN_DOCUMENTATION_COMMENTS = YES;
				CLANG_WARN_EMPTY_BODY = YES;
				CLANG_WARN_ENUM_CONVERSION = YES;
				CLANG_WARN_INFINITE_RECURSION = YES;
				CLANG_WARN_INT_CONVERSION = YES;
				CLANG_WARN_OBJC_ROOT_CLASS = YES_ERROR;
				CLANG_WARN_SUSPICIOUS_MOVE = YES;
				CLANG_WARN_UNREACHABLE_CODE = YES;
				CLANG_WARN__DUPLICATE_METHOD_MATCH = YES;
				"CODE_SIGN_IDENTITY[sdk=iphoneos*]" = "iPhone Developer";
				COPY_PHASE_STRIP = NO;
				DEBUG_INFORMATION_FORMAT = "dwarf-with-dsym";
				ENABLE_NS_ASSERTIONS = NO;
				ENABLE_STRICT_OBJC_MSGSEND = YES;
				GCC_C_LANGUAGE_STANDARD = gnu99;
				GCC_NO_COMMON_BLOCKS = YES;
				GCC_WARN_64_TO_32_BIT_CONVERSION = YES;
				GCC_WARN_ABOUT_RETURN_TYPE = YES_ERROR;
				GCC_WARN_UNDECLARED_SELECTOR = YES;
				GCC_WARN_UNINITIALIZED_AUTOS = YES_AGGRESSIVE;
				GCC_WARN_UNUSED_FUNCTION = YES;
				GCC_WARN_UNUSED_VARIABLE = YES;
				IPHONEOS_DEPLOYMENT_TARGET = 10.2;
				MTL_ENABLE_DEBUG_INFO = NO;
				SDKROOT = iphoneos;
				SWIFT_OPTIMIZATION_LEVEL = "-Owholemodule";
				TARGETED_DEVICE_FAMILY = "1,2";
				VALIDATE_PRODUCT = YES;
			};
			name = Release;
		};
		A6027F751E47C5FA00973710 /* Debug */ = {
			isa = XCBuildConfiguration;
			buildSettings = {
				ASSETCATALOG_COMPILER_APPICON_NAME = AppIcon;
				DEVELOPMENT_TEAM = CA2F4YT6JD;
				INFOPLIST_FILE = "Bip the Guy/Info.plist";
				IPHONEOS_DEPLOYMENT_TARGET = 9.0;
				LD_RUNPATH_SEARCH_PATHS = "$(inherited) @executable_path/Frameworks";
				PRODUCT_BUNDLE_IDENTIFIER = "tayhans.Bip-the-Guy";
				PRODUCT_NAME = "$(TARGET_NAME)";
				SWIFT_VERSION = 3.0;
			};
			name = Debug;
		};
		A6027F761E47C5FA00973710 /* Release */ = {
			isa = XCBuildConfiguration;
			buildSettings = {
				ASSETCATALOG_COMPILER_APPICON_NAME = AppIcon;
				DEVELOPMENT_TEAM = CA2F4YT6JD;
				INFOPLIST_FILE = "Bip the Guy/Info.plist";
				IPHONEOS_DEPLOYMENT_TARGET = 9.0;
				LD_RUNPATH_SEARCH_PATHS = "$(inherited) @executable_path/Frameworks";
				PRODUCT_BUNDLE_IDENTIFIER = "tayhans.Bip-the-Guy";
				PRODUCT_NAME = "$(TARGET_NAME)";
				SWIFT_VERSION = 3.0;
			};
			name = Release;
		};
		A6027F781E47C5FA00973710 /* Debug */ = {
			isa = XCBuildConfiguration;
			buildSettings = {
				ALWAYS_EMBED_SWIFT_STANDARD_LIBRARIES = YES;
				BUNDLE_LOADER = "$(TEST_HOST)";
				INFOPLIST_FILE = "Bip the GuyTests/Info.plist";
				LD_RUNPATH_SEARCH_PATHS = "$(inherited) @executable_path/Frameworks @loader_path/Frameworks";
				PRODUCT_BUNDLE_IDENTIFIER = "tayhans.Bip-the-GuyTests";
				PRODUCT_NAME = "$(TARGET_NAME)";
				SWIFT_VERSION = 3.0;
				TEST_HOST = "$(BUILT_PRODUCTS_DIR)/Bip the Guy.app/Bip the Guy";
			};
			name = Debug;
		};
		A6027F791E47C5FA00973710 /* Release */ = {
			isa = XCBuildConfiguration;
			buildSettings = {
				ALWAYS_EMBED_SWIFT_STANDARD_LIBRARIES = YES;
				BUNDLE_LOADER = "$(TEST_HOST)";
				INFOPLIST_FILE = "Bip the GuyTests/Info.plist";
				LD_RUNPATH_SEARCH_PATHS = "$(inherited) @executable_path/Frameworks @loader_path/Frameworks";
				PRODUCT_BUNDLE_IDENTIFIER = "tayhans.Bip-the-GuyTests";
				PRODUCT_NAME = "$(TARGET_NAME)";
				SWIFT_VERSION = 3.0;
				TEST_HOST = "$(BUILT_PRODUCTS_DIR)/Bip the Guy.app/Bip the Guy";
			};
			name = Release;
		};
/* End XCBuildConfiguration section */

/* Begin XCConfigurationList section */
		A6027F521E47C5FA00973710 /* Build configuration list for PBXProject "Bip the Guy" */ = {
			isa = XCConfigurationList;
			buildConfigurations = (
				A6027F721E47C5FA00973710 /* Debug */,
				A6027F731E47C5FA00973710 /* Release */,
			);
			defaultConfigurationIsVisible = 0;
			defaultConfigurationName = Release;
		};
		A6027F741E47C5FA00973710 /* Build configuration list for PBXNativeTarget "Bip the Guy" */ = {
			isa = XCConfigurationList;
			buildConfigurations = (
				A6027F751E47C5FA00973710 /* Debug */,
				A6027F761E47C5FA00973710 /* Release */,
			);
			defaultConfigurationIsVisible = 0;
			defaultConfigurationName = Release;
		};
		A6027F771E47C5FA00973710 /* Build configuration list for PBXNativeTarget "Bip the GuyTests" */ = {
			isa = XCConfigurationList;
			buildConfigurations = (
				A6027F781E47C5FA00973710 /* Debug */,
				A6027F791E47C5FA00973710 /* Release */,
			);
			defaultConfigurationIsVisible = 0;
			defaultConfigurationName = Release;
		};
/* End XCConfigurationList section */
	};
	rootObject = A6027F4F1E47C5FA00973710 /* Project object */;
}
